// !$*UTF8*$!
{
	archiveVersion = 1;
	classes = {
	};
	objectVersion = 50;
	objects = {

/* Begin PBXBuildFile section */
		16505D1425DBFE350034EA9F /* AppDelegate.swift in Sources */ = {isa = PBXBuildFile; fileRef = 16505D1325DBFE350034EA9F /* AppDelegate.swift */; };
		16505D1625DBFE350034EA9F /* SceneDelegate.swift in Sources */ = {isa = PBXBuildFile; fileRef = 16505D1525DBFE350034EA9F /* SceneDelegate.swift */; };
		16505D1825DBFE350034EA9F /* ViewController.swift in Sources */ = {isa = PBXBuildFile; fileRef = 16505D1725DBFE350034EA9F /* ViewController.swift */; };
		16505D1B25DBFE350034EA9F /* Main.storyboard in Resources */ = {isa = PBXBuildFile; fileRef = 16505D1925DBFE350034EA9F /* Main.storyboard */; };
		16505D1D25DBFE370034EA9F /* Assets.xcassets in Resources */ = {isa = PBXBuildFile; fileRef = 16505D1C25DBFE370034EA9F /* Assets.xcassets */; };
		16505D2025DBFE370034EA9F /* LaunchScreen.storyboard in Resources */ = {isa = PBXBuildFile; fileRef = 16505D1E25DBFE370034EA9F /* LaunchScreen.storyboard */; };
		16505D3E25DBFEAA0034EA9F /* lobby.png in Resources */ = {isa = PBXBuildFile; fileRef = 16505D2A25DBFEAA0034EA9F /* lobby.png */; };
		16505D3F25DBFEAA0034EA9F /* battlebg.png in Resources */ = {isa = PBXBuildFile; fileRef = 16505D2B25DBFEAA0034EA9F /* battlebg.png */; };
		16505D4025DBFEAA0034EA9F /* bgimage.jpg in Resources */ = {isa = PBXBuildFile; fileRef = 16505D2C25DBFEAA0034EA9F /* bgimage.jpg */; };
		16505D4125DBFEAA0034EA9F /* waku.png in Resources */ = {isa = PBXBuildFile; fileRef = 16505D2D25DBFEAA0034EA9F /* waku.png */; };
		16505D4225DBFEAA0034EA9F /* gold_button.png in Resources */ = {isa = PBXBuildFile; fileRef = 16505D2E25DBFEAA0034EA9F /* gold_button.png */; };
		16505D4325DBFEAA0034EA9F /* yusya.png in Resources */ = {isa = PBXBuildFile; fileRef = 16505D2F25DBFEAA0034EA9F /* yusya.png */; };
		16505D4425DBFEAA0034EA9F /* monster.png in Resources */ = {isa = PBXBuildFile; fileRef = 16505D3025DBFEAA0034EA9F /* monster.png */; };
		16505D4525DBFEAA0034EA9F /* TechMonManager.swift in Sources */ = {isa = PBXBuildFile; fileRef = 16505D3225DBFEAA0034EA9F /* TechMonManager.swift */; };
		16505D4625DBFEAA0034EA9F /* Character.swift in Sources */ = {isa = PBXBuildFile; fileRef = 16505D3325DBFEAA0034EA9F /* Character.swift */; };
		16505D4725DBFEAA0034EA9F /* SE_fanfare.mp3 in Resources */ = {isa = PBXBuildFile; fileRef = 16505D3525DBFEAA0034EA9F /* SE_fanfare.mp3 */; };
		16505D4825DBFEAA0034EA9F /* BGM_battle001.mp3 in Resources */ = {isa = PBXBuildFile; fileRef = 16505D3625DBFEAA0034EA9F /* BGM_battle001.mp3 */; };
		16505D4925DBFEAA0034EA9F /* SE_fire.mp3 in Resources */ = {isa = PBXBuildFile; fileRef = 16505D3725DBFEAA0034EA9F /* SE_fire.mp3 */; };
		16505D4A25DBFEAA0034EA9F /* SE_attack.mp3 in Resources */ = {isa = PBXBuildFile; fileRef = 16505D3825DBFEAA0034EA9F /* SE_attack.mp3 */; };
		16505D4B25DBFEAA0034EA9F /* SE_gameover.mp3 in Resources */ = {isa = PBXBuildFile; fileRef = 16505D3925DBFEAA0034EA9F /* SE_gameover.mp3 */; };
		16505D4C25DBFEAA0034EA9F /* SE_charge.mp3 in Resources */ = {isa = PBXBuildFile; fileRef = 16505D3A25DBFEAA0034EA9F /* SE_charge.mp3 */; };
		16505D4D25DBFEAA0034EA9F /* lobby.mp3 in Resources */ = {isa = PBXBuildFile; fileRef = 16505D3B25DBFEAA0034EA9F /* lobby.mp3 */; };
		16505D4E25DBFEAA0034EA9F /* misaki_gothic.ttf in Resources */ = {isa = PBXBuildFile; fileRef = 16505D3D25DBFEAA0034EA9F /* misaki_gothic.ttf */; };
		16505D5125DCDC110034EA9F /* LobbyViewController.swift in Sources */ = {isa = PBXBuildFile; fileRef = 16505D5025DCDC110034EA9F /* LobbyViewController.swift */; };
		16505D5425DCDC590034EA9F /* BattleViewController.swift in Sources */ = {isa = PBXBuildFile; fileRef = 16505D5325DCDC590034EA9F /* BattleViewController.swift */; };
/* End PBXBuildFile section */

/* Begin PBXFileReference section */
		16505D1025DBFE350034EA9F /* TechMon.app */ = {isa = PBXFileReference; explicitFileType = wrapper.application; includeInIndex = 0; path = TechMon.app; sourceTree = BUILT_PRODUCTS_DIR; };
		16505D1325DBFE350034EA9F /* AppDelegate.swift */ = {isa = PBXFileReference; lastKnownFileType = sourcecode.swift; path = AppDelegate.swift; sourceTree = "<group>"; };
		16505D1525DBFE350034EA9F /* SceneDelegate.swift */ = {isa = PBXFileReference; lastKnownFileType = sourcecode.swift; path = SceneDelegate.swift; sourceTree = "<group>"; };
		16505D1725DBFE350034EA9F /* ViewController.swift */ = {isa = PBXFileReference; lastKnownFileType = sourcecode.swift; path = ViewController.swift; sourceTree = "<group>"; };
		16505D1A25DBFE350034EA9F /* Base */ = {isa = PBXFileReference; lastKnownFileType = file.storyboard; name = Base; path = Base.lproj/Main.storyboard; sourceTree = "<group>"; };
		16505D1C25DBFE370034EA9F /* Assets.xcassets */ = {isa = PBXFileReference; lastKnownFileType = folder.assetcatalog; path = Assets.xcassets; sourceTree = "<group>"; };
		16505D1F25DBFE370034EA9F /* Base */ = {isa = PBXFileReference; lastKnownFileType = file.storyboard; name = Base; path = Base.lproj/LaunchScreen.storyboard; sourceTree = "<group>"; };
		16505D2125DBFE370034EA9F /* Info.plist */ = {isa = PBXFileReference; lastKnownFileType = text.plist.xml; path = Info.plist; sourceTree = "<group>"; };
		16505D2A25DBFEAA0034EA9F /* lobby.png */ = {isa = PBXFileReference; lastKnownFileType = image.png; path = lobby.png; sourceTree = "<group>"; };
		16505D2B25DBFEAA0034EA9F /* battlebg.png */ = {isa = PBXFileReference; lastKnownFileType = image.png; path = battlebg.png; sourceTree = "<group>"; };
		16505D2C25DBFEAA0034EA9F /* bgimage.jpg */ = {isa = PBXFileReference; lastKnownFileType = image.jpeg; path = bgimage.jpg; sourceTree = "<group>"; };
		16505D2D25DBFEAA0034EA9F /* waku.png */ = {isa = PBXFileReference; lastKnownFileType = image.png; path = waku.png; sourceTree = "<group>"; };
		16505D2E25DBFEAA0034EA9F /* gold_button.png */ = {isa = PBXFileReference; lastKnownFileType = image.png; path = gold_button.png; sourceTree = "<group>"; };
		16505D2F25DBFEAA0034EA9F /* yusya.png */ = {isa = PBXFileReference; lastKnownFileType = image.png; path = yusya.png; sourceTree = "<group>"; };
		16505D3025DBFEAA0034EA9F /* monster.png */ = {isa = PBXFileReference; lastKnownFileType = image.png; path = monster.png; sourceTree = "<group>"; };
		16505D3225DBFEAA0034EA9F /* TechMonManager.swift */ = {isa = PBXFileReference; fileEncoding = 4; lastKnownFileType = sourcecode.swift; path = TechMonManager.swift; sourceTree = "<group>"; };
		16505D3325DBFEAA0034EA9F /* Character.swift */ = {isa = PBXFileReference; fileEncoding = 4; lastKnownFileType = sourcecode.swift; path = Character.swift; sourceTree = "<group>"; };
		16505D3525DBFEAA0034EA9F /* SE_fanfare.mp3 */ = {isa = PBXFileReference; lastKnownFileType = audio.mp3; path = SE_fanfare.mp3; sourceTree = "<group>"; };
		16505D3625DBFEAA0034EA9F /* BGM_battle001.mp3 */ = {isa = PBXFileReference; lastKnownFileType = audio.mp3; path = BGM_battle001.mp3; sourceTree = "<group>"; };
		16505D3725DBFEAA0034EA9F /* SE_fire.mp3 */ = {isa = PBXFileReference; lastKnownFileType = audio.mp3; path = SE_fire.mp3; sourceTree = "<group>"; };
		16505D3825DBFEAA0034EA9F /* SE_attack.mp3 */ = {isa = PBXFileReference; lastKnownFileType = audio.mp3; path = SE_attack.mp3; sourceTree = "<group>"; };
		16505D3925DBFEAA0034EA9F /* SE_gameover.mp3 */ = {isa = PBXFileReference; lastKnownFileType = audio.mp3; path = SE_gameover.mp3; sourceTree = "<group>"; };
		16505D3A25DBFEAA0034EA9F /* SE_charge.mp3 */ = {isa = PBXFileReference; lastKnownFileType = audio.mp3; path = SE_charge.mp3; sourceTree = "<group>"; };
		16505D3B25DBFEAA0034EA9F /* lobby.mp3 */ = {isa = PBXFileReference; lastKnownFileType = audio.mp3; path = lobby.mp3; sourceTree = "<group>"; };
		16505D3D25DBFEAA0034EA9F /* misaki_gothic.ttf */ = {isa = PBXFileReference; lastKnownFileType = file; path = misaki_gothic.ttf; sourceTree = "<group>"; };
		16505D5025DCDC110034EA9F /* LobbyViewController.swift */ = {isa = PBXFileReference; lastKnownFileType = sourcecode.swift; path = LobbyViewController.swift; sourceTree = "<group>"; };
		16505D5325DCDC590034EA9F /* BattleViewController.swift */ = {isa = PBXFileReference; lastKnownFileType = sourcecode.swift; path = BattleViewController.swift; sourceTree = "<group>"; };
/* End PBXFileReference section */

/* Begin PBXFrameworksBuildPhase section */
		16505D0D25DBFE350034EA9F /* Frameworks */ = {
			isa = PBXFrameworksBuildPhase;
			buildActionMask = 2147483647;
			files = (
			);
			runOnlyForDeploymentPostprocessing = 0;
		};
/* End PBXFrameworksBuildPhase section */

/* Begin PBXGroup section */
		16505D0725DBFE350034EA9F = {
			isa = PBXGroup;
			children = (
				16505D1225DBFE350034EA9F /* TechMon */,
				16505D1125DBFE350034EA9F /* Products */,
			);
			sourceTree = "<group>";
		};
		16505D1125DBFE350034EA9F /* Products */ = {
			isa = PBXGroup;
			children = (
				16505D1025DBFE350034EA9F /* TechMon.app */,
			);
			name = Products;
			sourceTree = "<group>";
		};
		16505D1225DBFE350034EA9F /* TechMon */ = {
			isa = PBXGroup;
			children = (
				16505D2825DBFEAA0034EA9F /* TechMon_Resource */,
				16505D1325DBFE350034EA9F /* AppDelegate.swift */,
				16505D1525DBFE350034EA9F /* SceneDelegate.swift */,
				16505D1725DBFE350034EA9F /* ViewController.swift */,
				16505D1925DBFE350034EA9F /* Main.storyboard */,
				16505D1C25DBFE370034EA9F /* Assets.xcassets */,
				16505D1E25DBFE370034EA9F /* LaunchScreen.storyboard */,
				16505D2125DBFE370034EA9F /* Info.plist */,
				16505D5025DCDC110034EA9F /* LobbyViewController.swift */,
				16505D5325DCDC590034EA9F /* BattleViewController.swift */,
			);
			path = TechMon;
			sourceTree = "<group>";
		};
		16505D2825DBFEAA0034EA9F /* TechMon_Resource */ = {
			isa = PBXGroup;
			children = (
				16505D2925DBFEAA0034EA9F /* Images */,
				16505D3125DBFEAA0034EA9F /* Models */,
				16505D3425DBFEAA0034EA9F /* Sounds */,
				16505D3C25DBFEAA0034EA9F /* Fonts */,
			);
			path = TechMon_Resource;
			sourceTree = "<group>";
		};
		16505D2925DBFEAA0034EA9F /* Images */ = {
			isa = PBXGroup;
			children = (
				16505D2A25DBFEAA0034EA9F /* lobby.png */,
				16505D2B25DBFEAA0034EA9F /* battlebg.png */,
				16505D2C25DBFEAA0034EA9F /* bgimage.jpg */,
				16505D2D25DBFEAA0034EA9F /* waku.png */,
				16505D2E25DBFEAA0034EA9F /* gold_button.png */,
				16505D2F25DBFEAA0034EA9F /* yusya.png */,
				16505D3025DBFEAA0034EA9F /* monster.png */,
			);
			path = Images;
			sourceTree = "<group>";
		};
		16505D3125DBFEAA0034EA9F /* Models */ = {
			isa = PBXGroup;
			children = (
				16505D3225DBFEAA0034EA9F /* TechMonManager.swift */,
				16505D3325DBFEAA0034EA9F /* Character.swift */,
			);
			path = Models;
			sourceTree = "<group>";
		};
		16505D3425DBFEAA0034EA9F /* Sounds */ = {
			isa = PBXGroup;
			children = (
				16505D3525DBFEAA0034EA9F /* SE_fanfare.mp3 */,
				16505D3625DBFEAA0034EA9F /* BGM_battle001.mp3 */,
				16505D3725DBFEAA0034EA9F /* SE_fire.mp3 */,
				16505D3825DBFEAA0034EA9F /* SE_attack.mp3 */,
				16505D3925DBFEAA0034EA9F /* SE_gameover.mp3 */,
				16505D3A25DBFEAA0034EA9F /* SE_charge.mp3 */,
				16505D3B25DBFEAA0034EA9F /* lobby.mp3 */,
			);
			path = Sounds;
			sourceTree = "<group>";
		};
		16505D3C25DBFEAA0034EA9F /* Fonts */ = {
			isa = PBXGroup;
			children = (
				16505D3D25DBFEAA0034EA9F /* misaki_gothic.ttf */,
			);
			path = Fonts;
			sourceTree = "<group>";
		};
/* End PBXGroup section */

/* Begin PBXNativeTarget section */
		16505D0F25DBFE350034EA9F /* TechMon */ = {
			isa = PBXNativeTarget;
			buildConfigurationList = 16505D2425DBFE370034EA9F /* Build configuration list for PBXNativeTarget "TechMon" */;
			buildPhases = (
				16505D0C25DBFE350034EA9F /* Sources */,
				16505D0D25DBFE350034EA9F /* Frameworks */,
				16505D0E25DBFE350034EA9F /* Resources */,
			);
			buildRules = (
			);
			dependencies = (
			);
			name = TechMon;
			productName = TechMon;
			productReference = 16505D1025DBFE350034EA9F /* TechMon.app */;
			productType = "com.apple.product-type.application";
		};
/* End PBXNativeTarget section */

/* Begin PBXProject section */
		16505D0825DBFE350034EA9F /* Project object */ = {
			isa = PBXProject;
			attributes = {
				LastSwiftUpdateCheck = 1230;
				LastUpgradeCheck = 1230;
				TargetAttributes = {
					16505D0F25DBFE350034EA9F = {
						CreatedOnToolsVersion = 12.3;
					};
				};
			};
			buildConfigurationList = 16505D0B25DBFE350034EA9F /* Build configuration list for PBXProject "TechMon" */;
			compatibilityVersion = "Xcode 9.3";
			developmentRegion = en;
			hasScannedForEncodings = 0;
			knownRegions = (
				en,
				Base,
			);
			mainGroup = 16505D0725DBFE350034EA9F;
			productRefGroup = 16505D1125DBFE350034EA9F /* Products */;
			projectDirPath = "";
			projectRoot = "";
			targets = (
				16505D0F25DBFE350034EA9F /* TechMon */,
			);
		};
/* End PBXProject section */

/* Begin PBXResourcesBuildPhase section */
		16505D0E25DBFE350034EA9F /* Resources */ = {
			isa = PBXResourcesBuildPhase;
			buildActionMask = 2147483647;
			files = (
				16505D4325DBFEAA0034EA9F /* yusya.png in Resources */,
				16505D4025DBFEAA0034EA9F /* bgimage.jpg in Resources */,
				16505D4125DBFEAA0034EA9F /* waku.png in Resources */,
				16505D4725DBFEAA0034EA9F /* SE_fanfare.mp3 in Resources */,
				16505D3E25DBFEAA0034EA9F /* lobby.png in Resources */,
				16505D4225DBFEAA0034EA9F /* gold_button.png in Resources */,
				16505D4A25DBFEAA0034EA9F /* SE_attack.mp3 in Resources */,
				16505D2025DBFE370034EA9F /* LaunchScreen.storyboard in Resources */,
				16505D4D25DBFEAA0034EA9F /* lobby.mp3 in Resources */,
				16505D1D25DBFE370034EA9F /* Assets.xcassets in Resources */,
				16505D4E25DBFEAA0034EA9F /* misaki_gothic.ttf in Resources */,
				16505D4B25DBFEAA0034EA9F /* SE_gameover.mp3 in Resources */,
				16505D3F25DBFEAA0034EA9F /* battlebg.png in Resources */,
				16505D4825DBFEAA0034EA9F /* BGM_battle001.mp3 in Resources */,
				16505D4C25DBFEAA0034EA9F /* SE_charge.mp3 in Resources */,
				16505D4925DBFEAA0034EA9F /* SE_fire.mp3 in Resources */,
				16505D4425DBFEAA0034EA9F /* monster.png in Resources */,
				16505D1B25DBFE350034EA9F /* Main.storyboard in Resources */,
			);
			runOnlyForDeploymentPostprocessing = 0;
		};
/* End PBXResourcesBuildPhase section */

/* Begin PBXSourcesBuildPhase section */
		16505D0C25DBFE350034EA9F /* Sources */ = {
			isa = PBXSourcesBuildPhase;
			buildActionMask = 2147483647;
			files = (
				16505D5425DCDC590034EA9F /* BattleViewController.swift in Sources */,
				16505D4525DBFEAA0034EA9F /* TechMonManager.swift in Sources */,
				16505D1825DBFE350034EA9F /* ViewController.swift in Sources */,
				16505D4625DBFEAA0034EA9F /* Character.swift in Sources */,
				16505D5125DCDC110034EA9F /* LobbyViewController.swift in Sources */,
				16505D1425DBFE350034EA9F /* AppDelegate.swift in Sources */,
				16505D1625DBFE350034EA9F /* SceneDelegate.swift in Sources */,
			);
			runOnlyForDeploymentPostprocessing = 0;
		};
/* End PBXSourcesBuildPhase section */

/* Begin PBXVariantGroup section */
		16505D1925DBFE350034EA9F /* Main.storyboard */ = {
			isa = PBXVariantGroup;
			children = (
				16505D1A25DBFE350034EA9F /* Base */,
			);
			name = Main.storyboard;
			sourceTree = "<group>";
		};
		16505D1E25DBFE370034EA9F /* LaunchScreen.storyboard */ = {
			isa = PBXVariantGroup;
			children = (
				16505D1F25DBFE370034EA9F /* Base */,
			);
			name = LaunchScreen.storyboard;
			sourceTree = "<group>";
		};
/* End PBXVariantGroup section */

/* Begin XCBuildConfiguration section */
		16505D2225DBFE370034EA9F /* Debug */ = {
			isa = XCBuildConfiguration;
			buildSettings = {
				ALWAYS_SEARCH_USER_PATHS = NO;
				CLANG_ANALYZER_NONNULL = YES;
				CLANG_ANALYZER_NUMBER_OBJECT_CONVERSION = YES_AGGRESSIVE;
				CLANG_CXX_LANGUAGE_STANDARD = "gnu++14";
				CLANG_CXX_LIBRARY = "libc++";
				CLANG_ENABLE_MODULES = YES;
				CLANG_ENABLE_OBJC_ARC = YES;
				CLANG_ENABLE_OBJC_WEAK = YES;
				CLANG_WARN_BLOCK_CAPTURE_AUTORELEASING = YES;
				CLANG_WARN_BOOL_CONVERSION = YES;
				CLANG_WARN_COMMA = YES;
				CLANG_WARN_CONSTANT_CONVERSION = YES;
				CLANG_WARN_DEPRECATED_OBJC_IMPLEMENTATIONS = YES;
				CLANG_WARN_DIRECT_OBJC_ISA_USAGE = YES_ERROR;
				CLANG_WARN_DOCUMENTATION_COMMENTS = YES;
				CLANG_WARN_EMPTY_BODY = YES;
				CLANG_WARN_ENUM_CONVERSION = YES;
				CLANG_WARN_INFINITE_RECURSION = YES;
				CLANG_WARN_INT_CONVERSION = YES;
				CLANG_WARN_NON_LITERAL_NULL_CONVERSION = YES;
				CLANG_WARN_OBJC_IMPLICIT_RETAIN_SELF = YES;
				CLANG_WARN_OBJC_LITERAL_CONVERSION = YES;
				CLANG_WARN_OBJC_ROOT_CLASS = YES_ERROR;
				CLANG_WARN_QUOTED_INCLUDE_IN_FRAMEWORK_HEADER = YES;
				CLANG_WARN_RANGE_LOOP_ANALYSIS = YES;
				CLANG_WARN_STRICT_PROTOTYPES = YES;
				CLANG_WARN_SUSPICIOUS_MOVE = YES;
				CLANG_WARN_UNGUARDED_AVAILABILITY = YES_AGGRESSIVE;
				CLANG_WARN_UNREACHABLE_CODE = YES;
				CLANG_WARN__DUPLICATE_METHOD_MATCH = YES;
				COPY_PHASE_STRIP = NO;
				DEBUG_INFORMATION_FORMAT = dwarf;
				ENABLE_STRICT_OBJC_MSGSEND = YES;
				ENABLE_TESTABILITY = YES;
				GCC_C_LANGUAGE_STANDARD = gnu11;
				GCC_DYNAMIC_NO_PIC = NO;
				GCC_NO_COMMON_BLOCKS = YES;
				GCC_OPTIMIZATION_LEVEL = 0;
				GCC_PREPROCESSOR_DEFINITIONS = (
					"DEBUG=1",
					"$(inherited)",
				);
				GCC_WARN_64_TO_32_BIT_CONVERSION = YES;
				GCC_WARN_ABOUT_RETURN_TYPE = YES_ERROR;
				GCC_WARN_UNDECLARED_SELECTOR = YES;
				GCC_WARN_UNINITIALIZED_AUTOS = YES_AGGRESSIVE;
				GCC_WARN_UNUSED_FUNCTION = YES;
				GCC_WARN_UNUSED_VARIABLE = YES;
				IPHONEOS_DEPLOYMENT_TARGET = 14.3;
				MTL_ENABLE_DEBUG_INFO = INCLUDE_SOURCE;
				MTL_FAST_MATH = YES;
				ONLY_ACTIVE_ARCH = YES;
				SDKROOT = iphoneos;
				SWIFT_ACTIVE_COMPILATION_CONDITIONS = DEBUG;
				SWIFT_OPTIMIZATION_LEVEL = "-Onone";
			};
			name = Debug;
		};
		16505D2325DBFE370034EA9F /* Release */ = {
			isa = XCBuildConfiguration;
			buildSettings = {
				ALWAYS_SEARCH_USER_PATHS = NO;
				CLANG_ANALYZER_NONNULL = YES;
				CLANG_ANALYZER_NUMBER_OBJECT_CONVERSION = YES_AGGRESSIVE;
				CLANG_CXX_LANGUAGE_STANDARD = "gnu++14";
				CLANG_CXX_LIBRARY = "libc++";
				CLANG_ENABLE_MODULES = YES;
				CLANG_ENABLE_OBJC_ARC = YES;
				CLANG_ENABLE_OBJC_WEAK = YES;
				CLANG_WARN_BLOCK_CAPTURE_AUTORELEASING = YES;
				CLANG_WARN_BOOL_CONVERSION = YES;
				CLANG_WARN_COMMA = YES;
				CLANG_WARN_CONSTANT_CONVERSION = YES;
				CLANG_WARN_DEPRECATED_OBJC_IMPLEMENTATIONS = YES;
				CLANG_WARN_DIRECT_OBJC_ISA_USAGE = YES_ERROR;
				CLANG_WARN_DOCUMENTATION_COMMENTS = YES;
				CLANG_WARN_EMPTY_BODY = YES;
				CLANG_WARN_ENUM_CONVERSION = YES;
				CLANG_WARN_INFINITE_RECURSION = YES;
				CLANG_WARN_INT_CONVERSION = YES;
				CLANG_WARN_NON_LITERAL_NULL_CONVERSION = YES;
				CLANG_WARN_OBJC_IMPLICIT_RETAIN_SELF = YES;
				CLANG_WARN_OBJC_LITERAL_CONVERSION = YES;
				CLANG_WARN_OBJC_ROOT_CLASS = YES_ERROR;
				CLANG_WARN_QUOTED_INCLUDE_IN_FRAMEWORK_HEADER = YES;
				CLANG_WARN_RANGE_LOOP_ANALYSIS = YES;
				CLANG_WARN_STRICT_PROTOTYPES = YES;
				CLANG_WARN_SUSPICIOUS_MOVE = YES;
				CLANG_WARN_UNGUARDED_AVAILABILITY = YES_AGGRESSIVE;
				CLANG_WARN_UNREACHABLE_CODE = YES;
				CLANG_WARN__DUPLICATE_METHOD_MATCH = YES;
				COPY_PHASE_STRIP = NO;
				DEBUG_INFORMATION_FORMAT = "dwarf-with-dsym";
				ENABLE_NS_ASSERTIONS = NO;
				ENABLE_STRICT_OBJC_MSGSEND = YES;
				GCC_C_LANGUAGE_STANDARD = gnu11;
				GCC_NO_COMMON_BLOCKS = YES;
				GCC_WARN_64_TO_32_BIT_CONVERSION = YES;
				GCC_WARN_ABOUT_RETURN_TYPE = YES_ERROR;
				GCC_WARN_UNDECLARED_SELECTOR = YES;
				GCC_WARN_UNINITIALIZED_AUTOS = YES_AGGRESSIVE;
				GCC_WARN_UNUSED_FUNCTION = YES;
				GCC_WARN_UNUSED_VARIABLE = YES;
				IPHONEOS_DEPLOYMENT_TARGET = 14.3;
				MTL_ENABLE_DEBUG_INFO = NO;
				MTL_FAST_MATH = YES;
				SDKROOT = iphoneos;
				SWIFT_COMPILATION_MODE = wholemodule;
				SWIFT_OPTIMIZATION_LEVEL = "-O";
				VALIDATE_PRODUCT = YES;
			};
			name = Release;
		};
		16505D2525DBFE370034EA9F /* Debug */ = {
			isa = XCBuildConfiguration;
			buildSettings = {
				ASSETCATALOG_COMPILER_APPICON_NAME = AppIcon;
				ASSETCATALOG_COMPILER_GLOBAL_ACCENT_COLOR_NAME = AccentColor;
				CODE_SIGN_STYLE = Automatic;
				DEVELOPMENT_TEAM = 8F5D5SKLYX;
				INFOPLIST_FILE = TechMon/Info.plist;
				LD_RUNPATH_SEARCH_PATHS = (
					"$(inherited)",
					"@executable_path/Frameworks",
				);
				PRODUCT_BUNDLE_IDENTIFIER = app.nihommatsu.jaappao.TechMon;
				PRODUCT_NAME = "$(TARGET_NAME)";
				SWIFT_VERSION = 5.0;
				TARGETED_DEVICE_FAMILY = "1,2";
			};
			name = Debug;
		};
		16505D2625DBFE370034EA9F /* Release */ = {
			isa = XCBuildConfiguration;
			buildSettings = {
				ASSETCATALOG_COMPILER_APPICON_NAME = AppIcon;
				ASSETCATALOG_COMPILER_GLOBAL_ACCENT_COLOR_NAME = AccentColor;
				CODE_SIGN_STYLE = Automatic;
				DEVELOPMENT_TEAM = 8F5D5SKLYX;
				INFOPLIST_FILE = TechMon/Info.plist;
				LD_RUNPATH_SEARCH_PATHS = (
					"$(inherited)",
					"@executable_path/Frameworks",
				);
				PRODUCT_BUNDLE_IDENTIFIER = app.nihommatsu.jaappao.TechMon;
				PRODUCT_NAME = "$(TARGET_NAME)";
				SWIFT_VERSION = 5.0;
				TARGETED_DEVICE_FAMILY = "1,2";
			};
			name = Release;
		};
/* End XCBuildConfiguration section */

/* Begin XCConfigurationList section */
		16505D0B25DBFE350034EA9F /* Build configuration list for PBXProject "TechMon" */ = {
			isa = XCConfigurationList;
			buildConfigurations = (
				16505D2225DBFE370034EA9F /* Debug */,
				16505D2325DBFE370034EA9F /* Release */,
			);
			defaultConfigurationIsVisible = 0;
			defaultConfigurationName = Release;
		};
		16505D2425DBFE370034EA9F /* Build configuration list for PBXNativeTarget "TechMon" */ = {
			isa = XCConfigurationList;
			buildConfigurations = (
				16505D2525DBFE370034EA9F /* Debug */,
				16505D2625DBFE370034EA9F /* Release */,
			);
			defaultConfigurationIsVisible = 0;
			defaultConfigurationName = Release;
		};
/* End XCConfigurationList section */
	};
	rootObject = 16505D0825DBFE350034EA9F /* Project object */;
}
